
Microsoft Visual Studio Solution File, Format Version 12.00
# Visual Studio 15
VisualStudioVersion = 15.0.27703.2042
MinimumVisualStudioVersion = 10.0.40219.1
Project("{FAE04EC0-301F-11D3-BF4B-00C04F79EFBC}") = "Homework", "Homework\Homework.csproj", "{FB16B6FA-72E2-4C2B-83EF-E11F6FE80C8A}"
EndProject
Global
	GlobalSection(SolutionConfigurationPlatforms) = preSolution
		Debug|Any CPU = Debug|Any CPU
		Release|Any CPU = Release|Any CPU
	EndGlobalSection
	GlobalSection(ProjectConfigurationPlatforms) = postSolution
		{FB16B6FA-72E2-4C2B-83EF-E11F6FE80C8A}.Debug|Any CPU.ActiveCfg = Debug|Any CPU
		{FB16B6FA-72E2-4C2B-83EF-E11F6FE80C8A}.Debug|Any CPU.Build.0 = Debug|Any CPU
		{FB16B6FA-72E2-4C2B-83EF-E11F6FE80C8A}.Release|Any CPU.ActiveCfg = Release|Any CPU
		{FB16B6FA-72E2-4C2B-83EF-E11F6FE80C8A}.Release|Any CPU.Build.0 = Release|Any CPU
	EndGlobalSection
	GlobalSection(SolutionProperties) = preSolution
		HideSolutionNode = FALSE
	EndGlobalSection
	GlobalSection(ExtensibilityGlobals) = postSolution
		SolutionGuid = {866A653E-9026-47CC-99A9-A63953C78627}
	EndGlobalSection
EndGlobal
